
Microsoft Visual Studio Solution File, Format Version 12.00
# Visual Studio Version 17
VisualStudioVersion = 17.13.35818.85 d17.13
MinimumVisualStudioVersion = 10.0.40219.1
Project("{FAE04EC0-301F-11D3-BF4B-00C04F79EFBC}") = "CSharpEgitimKampi301.EntityLayer", "CSharpEgitimKampi301.EntityLayer\CSharpEgitimKampi301.EntityLayer.csproj", "{7151573E-346D-472F-B88E-6E1FEAE92C89}"
EndProject
Project("{FAE04EC0-301F-11D3-BF4B-00C04F79EFBC}") = "CSharpEgitimKampi301.DataAccessLayer", "CSharpEgitimKampi301.DataAccessLayer\CSharpEgitimKampi301.DataAccessLayer.csproj", "{D07F0C6C-4FD9-4628-A956-2299E6A752A3}"
EndProject
Project("{FAE04EC0-301F-11D3-BF4B-00C04F79EFBC}") = "CSharpEgitimKampi301.BusinessLayer", "CSharpEgitimKampi301.BusinessLayer\CSharpEgitimKampi301.BusinessLayer.csproj", "{963B4704-E45C-4312-9426-B06CA0454CEB}"
EndProject
Project("{FAE04EC0-301F-11D3-BF4B-00C04F79EFBC}") = "CSharpEgitimKampi301.PresentationLayer", "CSharpEgitimKampi301.PresentationLayer\CSharpEgitimKampi301.PresentationLayer.csproj", "{DE4FA530-95EC-40FB-84CC-B7AD6FDBCC27}"
EndProject
Global
	GlobalSection(SolutionConfigurationPlatforms) = preSolution
		Debug|Any CPU = Debug|Any CPU
		Release|Any CPU = Release|Any CPU
	EndGlobalSection
	GlobalSection(ProjectConfigurationPlatforms) = postSolution
		{7151573E-346D-472F-B88E-6E1FEAE92C89}.Debug|Any CPU.ActiveCfg = Debug|Any CPU
		{7151573E-346D-472F-B88E-6E1FEAE92C89}.Debug|Any CPU.Build.0 = Debug|Any CPU
		{7151573E-346D-472F-B88E-6E1FEAE92C89}.Release|Any CPU.ActiveCfg = Release|Any CPU
		{7151573E-346D-472F-B88E-6E1FEAE92C89}.Release|Any CPU.Build.0 = Release|Any CPU
		{D07F0C6C-4FD9-4628-A956-2299E6A752A3}.Debug|Any CPU.ActiveCfg = Debug|Any CPU
		{D07F0C6C-4FD9-4628-A956-2299E6A752A3}.Debug|Any CPU.Build.0 = Debug|Any CPU
		{D07F0C6C-4FD9-4628-A956-2299E6A752A3}.Release|Any CPU.ActiveCfg = Release|Any CPU
		{D07F0C6C-4FD9-4628-A956-2299E6A752A3}.Release|Any CPU.Build.0 = Release|Any CPU
		{963B4704-E45C-4312-9426-B06CA0454CEB}.Debug|Any CPU.ActiveCfg = Debug|Any CPU
		{963B4704-E45C-4312-9426-B06CA0454CEB}.Debug|Any CPU.Build.0 = Debug|Any CPU
		{963B4704-E45C-4312-9426-B06CA0454CEB}.Release|Any CPU.ActiveCfg = Release|Any CPU
		{963B4704-E45C-4312-9426-B06CA0454CEB}.Release|Any CPU.Build.0 = Release|Any CPU
		{DE4FA530-95EC-40FB-84CC-B7AD6FDBCC27}.Debug|Any CPU.ActiveCfg = Debug|Any CPU
		{DE4FA530-95EC-40FB-84CC-B7AD6FDBCC27}.Debug|Any CPU.Build.0 = Debug|Any CPU
		{DE4FA530-95EC-40FB-84CC-B7AD6FDBCC27}.Release|Any CPU.ActiveCfg = Release|Any CPU
		{DE4FA530-95EC-40FB-84CC-B7AD6FDBCC27}.Release|Any CPU.Build.0 = Release|Any CPU
	EndGlobalSection
	GlobalSection(SolutionProperties) = preSolution
		HideSolutionNode = FALSE
	EndGlobalSection
	GlobalSection(ExtensibilityGlobals) = postSolution
		SolutionGuid = {F4D70422-105C-4829-9FD5-E604EEE01670}
	EndGlobalSection
EndGlobal
